
Microsoft Visual Studio Solution File, Format Version 12.00
# Visual Studio Version 17
VisualStudioVersion = 17.9.34616.47
MinimumVisualStudioVersion = 10.0.40219.1
Project("{9A19103F-16F7-4668-BE54-9A1E7A4F7556}") = "WebApplication4", "WebApplication4\WebApplication4.csproj", "{99EEFFA2-BE2C-4E58-B246-B1DD6DF71F39}"
EndProject
Project("{2150E333-8FDC-42A3-9474-1A3956D46DE8}") = "Solution Items", "Solution Items", "{020B7E4B-99B0-441F-BC72-15CA2798D30E}"
	ProjectSection(SolutionItems) = preProject
		.gitignore = .gitignore
	EndProjectSection
EndProject
Global
	GlobalSection(SolutionConfigurationPlatforms) = preSolution
		Debug|Any CPU = Debug|Any CPU
		Release|Any CPU = Release|Any CPU
	EndGlobalSection
	GlobalSection(ProjectConfigurationPlatforms) = postSolution
		{99EEFFA2-BE2C-4E58-B246-B1DD6DF71F39}.Debug|Any CPU.ActiveCfg = Debug|Any CPU
		{99EEFFA2-BE2C-4E58-B246-B1DD6DF71F39}.Debug|Any CPU.Build.0 = Debug|Any CPU
		{99EEFFA2-BE2C-4E58-B246-B1DD6DF71F39}.Release|Any CPU.ActiveCfg = Release|Any CPU
		{99EEFFA2-BE2C-4E58-B246-B1DD6DF71F39}.Release|Any CPU.Build.0 = Release|Any CPU
	EndGlobalSection
	GlobalSection(SolutionProperties) = preSolution
		HideSolutionNode = FALSE
	EndGlobalSection
	GlobalSection(ExtensibilityGlobals) = postSolution
		SolutionGuid = {C511D8AA-C778-41CF-B609-523382744C9E}
	EndGlobalSection
EndGlobal
